PODS:
  - Alamofire (4.5.0)
  - AppAuth (0.9.1)
  - MultiAccountOAuth (1.0):
    - Alamofire (~> 4.5.0)
    - AppAuth (~> 0.9.1)
    - SwiftyJSON (~> 3.1.4)
  - RandomColorSwift (1.0.0)
  - SwiftyJSON (3.1.4)

DEPENDENCIES:
  - MultiAccountOAuth (from `../`)
  - RandomColorSwift

EXTERNAL SOURCES:
  MultiAccountOAuth:
    :path: "../"

SPEC CHECKSUMS:
  Alamofire: f28cdffd29de33a7bfa022cbd63ae95a27fae140
  AppAuth: f7d9a2ce4ffe79a62a8b0c1d0938e88d9809b846
  MultiAccountOAuth: f884707f76cd17116af859ea1f22e2534a265a4e
  RandomColorSwift: 9f85058b721665d52d239ca166a913e083506444
  SwiftyJSON: c2842d878f95482ffceec5709abc3d05680c0220

PODFILE CHECKSUM: 6d150c46156a0dcf369bf70e112a5e10af4c9ad6

COCOAPODS: 1.2.1
